// !$*UTF8*$!
{
	archiveVersion = 1;
	classes = {
	};
	objectVersion = 46;
	objects = {

/* Begin PBXBuildFile section */
		36111A991D6EE4FC00A03BF4 /* Placeholder in Resources */ = {isa = PBXBuildFile; fileRef = 36111A921D6EE4FC00A03BF4 /* Placeholder */; };
		36111A9A1D6EE4FC00A03BF4 /* Placeholder in Resources */ = {isa = PBXBuildFile; fileRef = 36111A941D6EE4FC00A03BF4 /* Placeholder */; };
		36111A9B1D6EE4FC00A03BF4 /* Placeholder in Resources */ = {isa = PBXBuildFile; fileRef = 36111A961D6EE4FC00A03BF4 /* Placeholder */; };
		36111A9C1D6EE4FC00A03BF4 /* Placeholder in Resources */ = {isa = PBXBuildFile; fileRef = 36111A981D6EE4FC00A03BF4 /* Placeholder */; };
		36111AC21D6EE58C00A03BF4 /* Placeholder in Resources */ = {isa = PBXBuildFile; fileRef = 36111AA11D6EE58C00A03BF4 /* Placeholder */; };
		36111AC31D6EE58C00A03BF4 /* Placeholder in Resources */ = {isa = PBXBuildFile; fileRef = 36111AA31D6EE58C00A03BF4 /* Placeholder */; };
		36111AC41D6EE58C00A03BF4 /* Placeholder in Resources */ = {isa = PBXBuildFile; fileRef = 36111AA51D6EE58C00A03BF4 /* Placeholder */; };
		36111AC51D6EE58C00A03BF4 /* Placeholder in Resources */ = {isa = PBXBuildFile; fileRef = 36111AA71D6EE58C00A03BF4 /* Placeholder */; };
		36111AC61D6EE58C00A03BF4 /* Placeholder in Resources */ = {isa = PBXBuildFile; fileRef = 36111AAA1D6EE58C00A03BF4 /* Placeholder */; };
		36111AC71D6EE58C00A03BF4 /* Placeholder in Resources */ = {isa = PBXBuildFile; fileRef = 36111AAC1D6EE58C00A03BF4 /* Placeholder */; };
		36111AC81D6EE58C00A03BF4 /* Placeholder in Resources */ = {isa = PBXBuildFile; fileRef = 36111AAE1D6EE58C00A03BF4 /* Placeholder */; };
		36111AC91D6EE58C00A03BF4 /* Placeholder in Resources */ = {isa = PBXBuildFile; fileRef = 36111AB01D6EE58C00A03BF4 /* Placeholder */; };
		36111ACA1D6EE58C00A03BF4 /* Placeholder in Resources */ = {isa = PBXBuildFile; fileRef = 36111AB31D6EE58C00A03BF4 /* Placeholder */; };
		36111ACB1D6EE58C00A03BF4 /* Placeholder in Resources */ = {isa = PBXBuildFile; fileRef = 36111AB51D6EE58C00A03BF4 /* Placeholder */; };
		36111ACC1D6EE58C00A03BF4 /* Placeholder in Resources */ = {isa = PBXBuildFile; fileRef = 36111AB81D6EE58C00A03BF4 /* Placeholder */; };
		36111ACD1D6EE58C00A03BF4 /* Placeholder in Resources */ = {isa = PBXBuildFile; fileRef = 36111ABA1D6EE58C00A03BF4 /* Placeholder */; };
		36111ACE1D6EE58C00A03BF4 /* Placeholder in Resources */ = {isa = PBXBuildFile; fileRef = 36111ABC1D6EE58C00A03BF4 /* Placeholder */; };
		36111ACF1D6EE58C00A03BF4 /* Placeholder in Resources */ = {isa = PBXBuildFile; fileRef = 36111ABE1D6EE58C00A03BF4 /* Placeholder */; };
		36111AD01D6EE58C00A03BF4 /* Placeholder in Resources */ = {isa = PBXBuildFile; fileRef = 36111AC01D6EE58C00A03BF4 /* Placeholder */; };
		36111ADE1D6EE63200A03BF4 /* Assets.xcassets in Resources */ = {isa = PBXBuildFile; fileRef = 36111ADB1D6EE63200A03BF4 /* Assets.xcassets */; };
		36111ADF1D6EE63200A03BF4 /* Info.plist in Resources */ = {isa = PBXBuildFile; fileRef = 36111ADC1D6EE63200A03BF4 /* Info.plist */; };
		36111AE01D6EE63200A03BF4 /* main.m in Sources */ = {isa = PBXBuildFile; fileRef = 36111ADD1D6EE63200A03BF4 /* main.m */; };
		36111AE31D6EE63700A03BF4 /* LaunchScreen.storyboard in Resources */ = {isa = PBXBuildFile; fileRef = 36111AE11D6EE63700A03BF4 /* LaunchScreen.storyboard */; };
		36111AE61D6EE67500A03BF4 /* Placeholder in Resources */ = {isa = PBXBuildFile; fileRef = 36111AE51D6EE67500A03BF4 /* Placeholder */; };
		36410B751DC0533D00231AF5 /* NSObject+Extension.m in Sources */ = {isa = PBXBuildFile; fileRef = 36410B741DC0533D00231AF5 /* NSObject+Extension.m */; };
		36410B781DC0536400231AF5 /* NSString+Extension.m in Sources */ = {isa = PBXBuildFile; fileRef = 36410B771DC0536400231AF5 /* NSString+Extension.m */; };
		36410B7B1DC053B900231AF5 /* UIBarButtonItem+Extension.m in Sources */ = {isa = PBXBuildFile; fileRef = 36410B7A1DC053B800231AF5 /* UIBarButtonItem+Extension.m */; };
		36410B7E1DC053EB00231AF5 /* UIDevice+Extension.m in Sources */ = {isa = PBXBuildFile; fileRef = 36410B7D1DC053EB00231AF5 /* UIDevice+Extension.m */; };
		36410B811DC054E700231AF5 /* UIImage+Extension.m in Sources */ = {isa = PBXBuildFile; fileRef = 36410B801DC054E700231AF5 /* UIImage+Extension.m */; };
		36410B841DC0553800231AF5 /* UIImageView+Extension.m in Sources */ = {isa = PBXBuildFile; fileRef = 36410B831DC0553800231AF5 /* UIImageView+Extension.m */; };
		36410B871DC0558300231AF5 /* UIScrollView+Extension.m in Sources */ = {isa = PBXBuildFile; fileRef = 36410B861DC0558300231AF5 /* UIScrollView+Extension.m */; };
		36410B8A1DC05C9300231AF5 /* HomePageVC.m in Sources */ = {isa = PBXBuildFile; fileRef = 36410B891DC05C9300231AF5 /* HomePageVC.m */; };
		36410B901DC0786300231AF5 /* NSDate+Extension.m in Sources */ = {isa = PBXBuildFile; fileRef = 36410B8F1DC0786300231AF5 /* NSDate+Extension.m */; };
		36410B931DC07AB000231AF5 /* MBProgressHUD+Extension.m in Sources */ = {isa = PBXBuildFile; fileRef = 36410B921DC07AB000231AF5 /* MBProgressHUD+Extension.m */; };
		36410B961DC0812D00231AF5 /* UIButton+Extension.m in Sources */ = {isa = PBXBuildFile; fileRef = 36410B951DC0812D00231AF5 /* UIButton+Extension.m */; };
		364DA5591D65849300F6F424 /* BasicFrameworkTests.m in Sources */ = {isa = PBXBuildFile; fileRef = 364DA5581D65849300F6F424 /* BasicFrameworkTests.m */; };
		364DA5641D65849300F6F424 /* BasicFrameworkUITests.m in Sources */ = {isa = PBXBuildFile; fileRef = 364DA5631D65849300F6F424 /* BasicFrameworkUITests.m */; };
		364DA6291D6584F400F6F424 /* UIView+Extension.m in Sources */ = {isa = PBXBuildFile; fileRef = 364DA58C1D6584F400F6F424 /* UIView+Extension.m */; };
		364DA62A1D6584F400F6F424 /* NetWorkManager.m in Sources */ = {isa = PBXBuildFile; fileRef = 364DA5951D6584F400F6F424 /* NetWorkManager.m */; };
		364DA62B1D6584F400F6F424 /* AppSingle.m in Sources */ = {isa = PBXBuildFile; fileRef = 364DA5981D6584F400F6F424 /* AppSingle.m */; };
		364DA62C1D6584F400F6F424 /* ProgressHUD.m in Sources */ = {isa = PBXBuildFile; fileRef = 364DA59A1D6584F400F6F424 /* ProgressHUD.m */; };
		364DA6301D6584F400F6F424 /* BasicMainNC.m in Sources */ = {isa = PBXBuildFile; fileRef = 364DA5A61D6584F400F6F424 /* BasicMainNC.m */; };
		364DA6311D6584F400F6F424 /* BasicMainVC.m in Sources */ = {isa = PBXBuildFile; fileRef = 364DA5A81D6584F400F6F424 /* BasicMainVC.m */; };
		364DA6321D6584F400F6F424 /* BasicMainWebNC.m in Sources */ = {isa = PBXBuildFile; fileRef = 364DA5AA1D6584F400F6F424 /* BasicMainWebNC.m */; };
		364DA64B1D6584F400F6F424 /* LYLIMGBrowse.m in Sources */ = {isa = PBXBuildFile; fileRef = 364DA6051D6584F400F6F424 /* LYLIMGBrowse.m */; };
		364DA64C1D6584F400F6F424 /* LYLIMGScrollView.m in Sources */ = {isa = PBXBuildFile; fileRef = 364DA6071D6584F400F6F424 /* LYLIMGScrollView.m */; };
		364DA64D1D6584F400F6F424 /* LYLPageControl.m in Sources */ = {isa = PBXBuildFile; fileRef = 364DA6091D6584F400F6F424 /* LYLPageControl.m */; };
		364DA64E1D6584F400F6F424 /* MJRefresh.bundle in Resources */ = {isa = PBXBuildFile; fileRef = 364DA60B1D6584F400F6F424 /* MJRefresh.bundle */; };
		364DA64F1D6584F400F6F424 /* MJRefreshBaseView.m in Sources */ = {isa = PBXBuildFile; fileRef = 364DA60E1D6584F400F6F424 /* MJRefreshBaseView.m */; };
		364DA6501D6584F400F6F424 /* MJRefreshConst.m in Sources */ = {isa = PBXBuildFile; fileRef = 364DA6101D6584F400F6F424 /* MJRefreshConst.m */; };
		364DA6511D6584F400F6F424 /* MJRefreshFooterView.m in Sources */ = {isa = PBXBuildFile; fileRef = 364DA6121D6584F400F6F424 /* MJRefreshFooterView.m */; };
		364DA6521D6584F400F6F424 /* MJRefreshHeaderView.m in Sources */ = {isa = PBXBuildFile; fileRef = 364DA6141D6584F400F6F424 /* MJRefreshHeaderView.m */; };
		364DA6531D6584F400F6F424 /* UIScrollView+MJExtension.m in Sources */ = {isa = PBXBuildFile; fileRef = 364DA6161D6584F400F6F424 /* UIScrollView+MJExtension.m */; };
		364DA6541D6584F400F6F424 /* UIScrollView+MJRefresh.m in Sources */ = {isa = PBXBuildFile; fileRef = 364DA6181D6584F400F6F424 /* UIScrollView+MJRefresh.m */; };
		364DA6551D6584F400F6F424 /* UIView+MJExtension.m in Sources */ = {isa = PBXBuildFile; fileRef = 364DA61A1D6584F400F6F424 /* UIView+MJExtension.m */; };
		364DA6561D6584F400F6F424 /* MyObjectCoding.framework in Frameworks */ = {isa = PBXBuildFile; fileRef = 364DA61C1D6584F400F6F424 /* MyObjectCoding.framework */; };
		364DA6591D65851C00F6F424 /* AppDelegate.m in Sources */ = {isa = PBXBuildFile; fileRef = 364DA6581D65851C00F6F424 /* AppDelegate.m */; };
		3A210722E632CE931B050CFF /* libPods-BasicFramework.a in Frameworks */ = {isa = PBXBuildFile; fileRef = 46AA6AC588A0F83490E72E29 /* libPods-BasicFramework.a */; };
/* End PBXBuildFile section */

/* Begin PBXContainerItemProxy section */
		364DA5551D65849300F6F424 /* PBXContainerItemProxy */ = {
			isa = PBXContainerItemProxy;
			containerPortal = 364DA5331D65849300F6F424 /* Project object */;
			proxyType = 1;
			remoteGlobalIDString = 364DA53A1D65849300F6F424;
			remoteInfo = BasicFramework;
		};
		364DA5601D65849300F6F424 /* PBXContainerItemProxy */ = {
			isa = PBXContainerItemProxy;
			containerPortal = 364DA5331D65849300F6F424 /* Project object */;
			proxyType = 1;
			remoteGlobalIDString = 364DA53A1D65849300F6F424;
			remoteInfo = BasicFramework;
		};
/* End PBXContainerItemProxy section */

/* Begin PBXFileReference section */
		36111A921D6EE4FC00A03BF4 /* Placeholder */ = {isa = PBXFileReference; fileEncoding = 4; lastKnownFileType = text; path = Placeholder; sourceTree = "<group>"; };
		36111A941D6EE4FC00A03BF4 /* Placeholder */ = {isa = PBXFileReference; fileEncoding = 4; lastKnownFileType = text; path = Placeholder; sourceTree = "<group>"; };
		36111A961D6EE4FC00A03BF4 /* Placeholder */ = {isa = PBXFileReference; fileEncoding = 4; lastKnownFileType = text; path = Placeholder; sourceTree = "<group>"; };
		36111A981D6EE4FC00A03BF4 /* Placeholder */ = {isa = PBXFileReference; fileEncoding = 4; lastKnownFileType = text; path = Placeholder; sourceTree = "<group>"; };
		36111AA11D6EE58C00A03BF4 /* Placeholder */ = {isa = PBXFileReference; fileEncoding = 4; lastKnownFileType = text; path = Placeholder; sourceTree = "<group>"; };
		36111AA31D6EE58C00A03BF4 /* Placeholder */ = {isa = PBXFileReference; fileEncoding = 4; lastKnownFileType = text; path = Placeholder; sourceTree = "<group>"; };
		36111AA51D6EE58C00A03BF4 /* Placeholder */ = {isa = PBXFileReference; fileEncoding = 4; lastKnownFileType = text; path = Placeholder; sourceTree = "<group>"; };
		36111AA71D6EE58C00A03BF4 /* Placeholder */ = {isa = PBXFileReference; fileEncoding = 4; lastKnownFileType = text; path = Placeholder; sourceTree = "<group>"; };
		36111AAA1D6EE58C00A03BF4 /* Placeholder */ = {isa = PBXFileReference; fileEncoding = 4; lastKnownFileType = text; path = Placeholder; sourceTree = "<group>"; };
		36111AAC1D6EE58C00A03BF4 /* Placeholder */ = {isa = PBXFileReference; fileEncoding = 4; lastKnownFileType = text; path = Placeholder; sourceTree = "<group>"; };
		36111AAE1D6EE58C00A03BF4 /* Placeholder */ = {isa = PBXFileReference; fileEncoding = 4; lastKnownFileType = text; path = Placeholder; sourceTree = "<group>"; };
		36111AB01D6EE58C00A03BF4 /* Placeholder */ = {isa = PBXFileReference; fileEncoding = 4; lastKnownFileType = text; path = Placeholder; sourceTree = "<group>"; };
		36111AB31D6EE58C00A03BF4 /* Placeholder */ = {isa = PBXFileReference; fileEncoding = 4; lastKnownFileType = text; path = Placeholder; sourceTree = "<group>"; };
		36111AB51D6EE58C00A03BF4 /* Placeholder */ = {isa = PBXFileReference; fileEncoding = 4; lastKnownFileType = text; path = Placeholder; sourceTree = "<group>"; };
		36111AB81D6EE58C00A03BF4 /* Placeholder */ = {isa = PBXFileReference; fileEncoding = 4; lastKnownFileType = text; path = Placeholder; sourceTree = "<group>"; };
		36111ABA1D6EE58C00A03BF4 /* Placeholder */ = {isa = PBXFileReference; fileEncoding = 4; lastKnownFileType = text; path = Placeholder; sourceTree = "<group>"; };
		36111ABC1D6EE58C00A03BF4 /* Placeholder */ = {isa = PBXFileReference; fileEncoding = 4; lastKnownFileType = text; path = Placeholder; sourceTree = "<group>"; };
		36111ABE1D6EE58C00A03BF4 /* Placeholder */ = {isa = PBXFileReference; fileEncoding = 4; lastKnownFileType = text; path = Placeholder; sourceTree = "<group>"; };
		36111AC01D6EE58C00A03BF4 /* Placeholder */ = {isa = PBXFileReference; fileEncoding = 4; lastKnownFileType = text; path = Placeholder; sourceTree = "<group>"; };
		36111ADB1D6EE63200A03BF4 /* Assets.xcassets */ = {isa = PBXFileReference; lastKnownFileType = folder.assetcatalog; name = Assets.xcassets; path = ../../Assets.xcassets; sourceTree = "<group>"; };
		36111ADC1D6EE63200A03BF4 /* Info.plist */ = {isa = PBXFileReference; fileEncoding = 4; lastKnownFileType = text.plist.xml; name = Info.plist; path = ../../Info.plist; sourceTree = "<group>"; };
		36111ADD1D6EE63200A03BF4 /* main.m */ = {isa = PBXFileReference; fileEncoding = 4; lastKnownFileType = sourcecode.c.objc; name = main.m; path = ../../main.m; sourceTree = "<group>"; };
		36111AE21D6EE63700A03BF4 /* Base */ = {isa = PBXFileReference; lastKnownFileType = file.storyboard; name = Base; path = Base.lproj/LaunchScreen.storyboard; sourceTree = "<group>"; };
		36111AE51D6EE67500A03BF4 /* Placeholder */ = {isa = PBXFileReference; fileEncoding = 4; lastKnownFileType = text; path = Placeholder; sourceTree = "<group>"; };
		36410B731DC0533D00231AF5 /* NSObject+Extension.h */ = {isa = PBXFileReference; fileEncoding = 4; lastKnownFileType = sourcecode.c.h; path = "NSObject+Extension.h"; sourceTree = "<group>"; };
		36410B741DC0533D00231AF5 /* NSObject+Extension.m */ = {isa = PBXFileReference; fileEncoding = 4; lastKnownFileType = sourcecode.c.objc; path = "NSObject+Extension.m"; sourceTree = "<group>"; };
		36410B761DC0536400231AF5 /* NSString+Extension.h */ = {isa = PBXFileReference; fileEncoding = 4; lastKnownFileType = sourcecode.c.h; path = "NSString+Extension.h"; sourceTree = "<group>"; };
		36410B771DC0536400231AF5 /* NSString+Extension.m */ = {isa = PBXFileReference; fileEncoding = 4; lastKnownFileType = sourcecode.c.objc; path = "NSString+Extension.m"; sourceTree = "<group>"; };
		36410B791DC053B800231AF5 /* UIBarButtonItem+Extension.h */ = {isa = PBXFileReference; fileEncoding = 4; lastKnownFileType = sourcecode.c.h; path = "UIBarButtonItem+Extension.h"; sourceTree = "<group>"; };
		36410B7A1DC053B800231AF5 /* UIBarButtonItem+Extension.m */ = {isa = PBXFileReference; fileEncoding = 4; lastKnownFileType = sourcecode.c.objc; path = "UIBarButtonItem+Extension.m"; sourceTree = "<group>"; };
		36410B7C1DC053EB00231AF5 /* UIDevice+Extension.h */ = {isa = PBXFileReference; fileEncoding = 4; lastKnownFileType = sourcecode.c.h; path = "UIDevice+Extension.h"; sourceTree = "<group>"; };
		36410B7D1DC053EB00231AF5 /* UIDevice+Extension.m */ = {isa = PBXFileReference; fileEncoding = 4; lastKnownFileType = sourcecode.c.objc; path = "UIDevice+Extension.m"; sourceTree = "<group>"; };
		36410B7F1DC054E700231AF5 /* UIImage+Extension.h */ = {isa = PBXFileReference; fileEncoding = 4; lastKnownFileType = sourcecode.c.h; path = "UIImage+Extension.h"; sourceTree = "<group>"; };
		36410B801DC054E700231AF5 /* UIImage+Extension.m */ = {isa = PBXFileReference; fileEncoding = 4; lastKnownFileType = sourcecode.c.objc; path = "UIImage+Extension.m"; sourceTree = "<group>"; };
		36410B821DC0553800231AF5 /* UIImageView+Extension.h */ = {isa = PBXFileReference; fileEncoding = 4; lastKnownFileType = sourcecode.c.h; path = "UIImageView+Extension.h"; sourceTree = "<group>"; };
		36410B831DC0553800231AF5 /* UIImageView+Extension.m */ = {isa = PBXFileReference; fileEncoding = 4; lastKnownFileType = sourcecode.c.objc; path = "UIImageView+Extension.m"; sourceTree = "<group>"; };
		36410B851DC0558300231AF5 /* UIScrollView+Extension.h */ = {isa = PBXFileReference; fileEncoding = 4; lastKnownFileType = sourcecode.c.h; path = "UIScrollView+Extension.h"; sourceTree = "<group>"; };
		36410B861DC0558300231AF5 /* UIScrollView+Extension.m */ = {isa = PBXFileReference; fileEncoding = 4; lastKnownFileType = sourcecode.c.objc; path = "UIScrollView+Extension.m"; sourceTree = "<group>"; };
		36410B881DC05C9300231AF5 /* HomePageVC.h */ = {isa = PBXFileReference; fileEncoding = 4; lastKnownFileType = sourcecode.c.h; path = HomePageVC.h; sourceTree = "<group>"; };
		36410B891DC05C9300231AF5 /* HomePageVC.m */ = {isa = PBXFileReference; fileEncoding = 4; lastKnownFileType = sourcecode.c.objc; path = HomePageVC.m; sourceTree = "<group>"; };
		36410B8E1DC0786300231AF5 /* NSDate+Extension.h */ = {isa = PBXFileReference; fileEncoding = 4; lastKnownFileType = sourcecode.c.h; path = "NSDate+Extension.h"; sourceTree = "<group>"; };
		36410B8F1DC0786300231AF5 /* NSDate+Extension.m */ = {isa = PBXFileReference; fileEncoding = 4; lastKnownFileType = sourcecode.c.objc; path = "NSDate+Extension.m"; sourceTree = "<group>"; };
		36410B911DC07AB000231AF5 /* MBProgressHUD+Extension.h */ = {isa = PBXFileReference; fileEncoding = 4; lastKnownFileType = sourcecode.c.h; path = "MBProgressHUD+Extension.h"; sourceTree = "<group>"; };
		36410B921DC07AB000231AF5 /* MBProgressHUD+Extension.m */ = {isa = PBXFileReference; fileEncoding = 4; lastKnownFileType = sourcecode.c.objc; path = "MBProgressHUD+Extension.m"; sourceTree = "<group>"; };
		36410B941DC0812D00231AF5 /* UIButton+Extension.h */ = {isa = PBXFileReference; fileEncoding = 4; lastKnownFileType = sourcecode.c.h; path = "UIButton+Extension.h"; sourceTree = "<group>"; };
		36410B951DC0812D00231AF5 /* UIButton+Extension.m */ = {isa = PBXFileReference; fileEncoding = 4; lastKnownFileType = sourcecode.c.objc; path = "UIButton+Extension.m"; sourceTree = "<group>"; };
		364DA53B1D65849300F6F424 /* BasicFramework.app */ = {isa = PBXFileReference; explicitFileType = wrapper.application; includeInIndex = 0; path = BasicFramework.app; sourceTree = BUILT_PRODUCTS_DIR; };
		364DA5541D65849300F6F424 /* BasicFrameworkTests.xctest */ = {isa = PBXFileReference; explicitFileType = wrapper.cfbundle; includeInIndex = 0; path = BasicFrameworkTests.xctest; sourceTree = BUILT_PRODUCTS_DIR; };
		364DA5581D65849300F6F424 /* BasicFrameworkTests.m */ = {isa = PBXFileReference; lastKnownFileType = sourcecode.c.objc; path = BasicFrameworkTests.m; sourceTree = "<group>"; };
		364DA55A1D65849300F6F424 /* Info.plist */ = {isa = PBXFileReference; lastKnownFileType = text.plist.xml; path = Info.plist; sourceTree = "<group>"; };
		364DA55F1D65849300F6F424 /* BasicFrameworkUITests.xctest */ = {isa = PBXFileReference; explicitFileType = wrapper.cfbundle; includeInIndex = 0; path = BasicFrameworkUITests.xctest; sourceTree = BUILT_PRODUCTS_DIR; };
		364DA5631D65849300F6F424 /* BasicFrameworkUITests.m */ = {isa = PBXFileReference; lastKnownFileType = sourcecode.c.objc; path = BasicFrameworkUITests.m; sourceTree = "<group>"; };
		364DA5651D65849300F6F424 /* Info.plist */ = {isa = PBXFileReference; lastKnownFileType = text.plist.xml; path = Info.plist; sourceTree = "<group>"; };
		364DA58B1D6584F400F6F424 /* UIView+Extension.h */ = {isa = PBXFileReference; fileEncoding = 4; lastKnownFileType = sourcecode.c.h; path = "UIView+Extension.h"; sourceTree = "<group>"; };
		364DA58C1D6584F400F6F424 /* UIView+Extension.m */ = {isa = PBXFileReference; fileEncoding = 4; lastKnownFileType = sourcecode.c.objc; path = "UIView+Extension.m"; sourceTree = "<group>"; };
		364DA5901D6584F400F6F424 /* CommonAppKey.h */ = {isa = PBXFileReference; fileEncoding = 4; lastKnownFileType = sourcecode.c.h; path = CommonAppKey.h; sourceTree = "<group>"; };
		364DA5911D6584F400F6F424 /* CommonDefine.h */ = {isa = PBXFileReference; fileEncoding = 4; lastKnownFileType = sourcecode.c.h; path = CommonDefine.h; sourceTree = "<group>"; };
		364DA5921D6584F400F6F424 /* HTTPURLDefine.h */ = {isa = PBXFileReference; fileEncoding = 4; lastKnownFileType = sourcecode.c.h; path = HTTPURLDefine.h; sourceTree = "<group>"; };
		364DA5941D6584F400F6F424 /* NetWorkManager.h */ = {isa = PBXFileReference; fileEncoding = 4; lastKnownFileType = sourcecode.c.h; path = NetWorkManager.h; sourceTree = "<group>"; };
		364DA5951D6584F400F6F424 /* NetWorkManager.m */ = {isa = PBXFileReference; fileEncoding = 4; lastKnownFileType = sourcecode.c.objc; path = NetWorkManager.m; sourceTree = "<group>"; };
		364DA5971D6584F400F6F424 /* AppSingle.h */ = {isa = PBXFileReference; fileEncoding = 4; lastKnownFileType = sourcecode.c.h; path = AppSingle.h; sourceTree = "<group>"; };
		364DA5981D6584F400F6F424 /* AppSingle.m */ = {isa = PBXFileReference; fileEncoding = 4; lastKnownFileType = sourcecode.c.objc; path = AppSingle.m; sourceTree = "<group>"; };
		364DA5991D6584F400F6F424 /* ProgressHUD.h */ = {isa = PBXFileReference; fileEncoding = 4; lastKnownFileType = sourcecode.c.h; path = ProgressHUD.h; sourceTree = "<group>"; };
		364DA59A1D6584F400F6F424 /* ProgressHUD.m */ = {isa = PBXFileReference; fileEncoding = 4; lastKnownFileType = sourcecode.c.objc; path = ProgressHUD.m; sourceTree = "<group>"; };
		364DA5A51D6584F400F6F424 /* BasicMainNC.h */ = {isa = PBXFileReference; fileEncoding = 4; lastKnownFileType = sourcecode.c.h; path = BasicMainNC.h; sourceTree = "<group>"; };
		364DA5A61D6584F400F6F424 /* BasicMainNC.m */ = {isa = PBXFileReference; fileEncoding = 4; lastKnownFileType = sourcecode.c.objc; path = BasicMainNC.m; sourceTree = "<group>"; };
		364DA5A71D6584F400F6F424 /* BasicMainVC.h */ = {isa = PBXFileReference; fileEncoding = 4; lastKnownFileType = sourcecode.c.h; path = BasicMainVC.h; sourceTree = "<group>"; };
		364DA5A81D6584F400F6F424 /* BasicMainVC.m */ = {isa = PBXFileReference; fileEncoding = 4; lastKnownFileType = sourcecode.c.objc; path = BasicMainVC.m; sourceTree = "<group>"; };
		364DA5A91D6584F400F6F424 /* BasicMainWebNC.h */ = {isa = PBXFileReference; fileEncoding = 4; lastKnownFileType = sourcecode.c.h; path = BasicMainWebNC.h; sourceTree = "<group>"; };
		364DA5AA1D6584F400F6F424 /* BasicMainWebNC.m */ = {isa = PBXFileReference; fileEncoding = 4; lastKnownFileType = sourcecode.c.objc; path = BasicMainWebNC.m; sourceTree = "<group>"; };
		364DA6041D6584F400F6F424 /* LYLIMGBrowse.h */ = {isa = PBXFileReference; fileEncoding = 4; lastKnownFileType = sourcecode.c.h; path = LYLIMGBrowse.h; sourceTree = "<group>"; };
		364DA6051D6584F400F6F424 /* LYLIMGBrowse.m */ = {isa = PBXFileReference; fileEncoding = 4; lastKnownFileType = sourcecode.c.objc; path = LYLIMGBrowse.m; sourceTree = "<group>"; };
		364DA6061D6584F400F6F424 /* LYLIMGScrollView.h */ = {isa = PBXFileReference; fileEncoding = 4; lastKnownFileType = sourcecode.c.h; path = LYLIMGScrollView.h; sourceTree = "<group>"; };
		364DA6071D6584F400F6F424 /* LYLIMGScrollView.m */ = {isa = PBXFileReference; fileEncoding = 4; lastKnownFileType = sourcecode.c.objc; path = LYLIMGScrollView.m; sourceTree = "<group>"; };
		364DA6081D6584F400F6F424 /* LYLPageControl.h */ = {isa = PBXFileReference; fileEncoding = 4; lastKnownFileType = sourcecode.c.h; path = LYLPageControl.h; sourceTree = "<group>"; };
		364DA6091D6584F400F6F424 /* LYLPageControl.m */ = {isa = PBXFileReference; fileEncoding = 4; lastKnownFileType = sourcecode.c.objc; path = LYLPageControl.m; sourceTree = "<group>"; };
		364DA60B1D6584F400F6F424 /* MJRefresh.bundle */ = {isa = PBXFileReference; lastKnownFileType = "wrapper.plug-in"; path = MJRefresh.bundle; sourceTree = "<group>"; };
		364DA60C1D6584F400F6F424 /* MJRefresh.h */ = {isa = PBXFileReference; fileEncoding = 4; lastKnownFileType = sourcecode.c.h; path = MJRefresh.h; sourceTree = "<group>"; };
		364DA60D1D6584F400F6F424 /* MJRefreshBaseView.h */ = {isa = PBXFileReference; fileEncoding = 4; lastKnownFileType = sourcecode.c.h; path = MJRefreshBaseView.h; sourceTree = "<group>"; };
		364DA60E1D6584F400F6F424 /* MJRefreshBaseView.m */ = {isa = PBXFileReference; fileEncoding = 4; lastKnownFileType = sourcecode.c.objc; path = MJRefreshBaseView.m; sourceTree = "<group>"; };
		364DA60F1D6584F400F6F424 /* MJRefreshConst.h */ = {isa = PBXFileReference; fileEncoding = 4; lastKnownFileType = sourcecode.c.h; path = MJRefreshConst.h; sourceTree = "<group>"; };
		364DA6101D6584F400F6F424 /* MJRefreshConst.m */ = {isa = PBXFileReference; fileEncoding = 4; lastKnownFileType = sourcecode.c.objc; path = MJRefreshConst.m; sourceTree = "<group>"; };
		364DA6111D6584F400F6F424 /* MJRefreshFooterView.h */ = {isa = PBXFileReference; fileEncoding = 4; lastKnownFileType = sourcecode.c.h; path = MJRefreshFooterView.h; sourceTree = "<group>"; };
		364DA6121D6584F400F6F424 /* MJRefreshFooterView.m */ = {isa = PBXFileReference; fileEncoding = 4; lastKnownFileType = sourcecode.c.objc; path = MJRefreshFooterView.m; sourceTree = "<group>"; };
		364DA6131D6584F400F6F424 /* MJRefreshHeaderView.h */ = {isa = PBXFileReference; fileEncoding = 4; lastKnownFileType = sourcecode.c.h; path = MJRefreshHeaderView.h; sourceTree = "<group>"; };
		364DA6141D6584F400F6F424 /* MJRefreshHeaderView.m */ = {isa = PBXFileReference; fileEncoding = 4; lastKnownFileType = sourcecode.c.objc; path = MJRefreshHeaderView.m; sourceTree = "<group>"; };
		364DA6151D6584F400F6F424 /* UIScrollView+MJExtension.h */ = {isa = PBXFileReference; fileEncoding = 4; lastKnownFileType = sourcecode.c.h; path = "UIScrollView+MJExtension.h"; sourceTree = "<group>"; };
		364DA6161D6584F400F6F424 /* UIScrollView+MJExtension.m */ = {isa = PBXFileReference; fileEncoding = 4; lastKnownFileType = sourcecode.c.objc; path = "UIScrollView+MJExtension.m"; sourceTree = "<group>"; };
		364DA6171D6584F400F6F424 /* UIScrollView+MJRefresh.h */ = {isa = PBXFileReference; fileEncoding = 4; lastKnownFileType = sourcecode.c.h; path = "UIScrollView+MJRefresh.h"; sourceTree = "<group>"; };
		364DA6181D6584F400F6F424 /* UIScrollView+MJRefresh.m */ = {isa = PBXFileReference; fileEncoding = 4; lastKnownFileType = sourcecode.c.objc; path = "UIScrollView+MJRefresh.m"; sourceTree = "<group>"; };
		364DA6191D6584F400F6F424 /* UIView+MJExtension.h */ = {isa = PBXFileReference; fileEncoding = 4; lastKnownFileType = sourcecode.c.h; path = "UIView+MJExtension.h"; sourceTree = "<group>"; };
		364DA61A1D6584F400F6F424 /* UIView+MJExtension.m */ = {isa = PBXFileReference; fileEncoding = 4; lastKnownFileType = sourcecode.c.objc; path = "UIView+MJExtension.m"; sourceTree = "<group>"; };
		364DA61C1D6584F400F6F424 /* MyObjectCoding.framework */ = {isa = PBXFileReference; lastKnownFileType = wrapper.framework; path = MyObjectCoding.framework; sourceTree = "<group>"; };
		364DA6571D65851C00F6F424 /* AppDelegate.h */ = {isa = PBXFileReference; fileEncoding = 4; lastKnownFileType = sourcecode.c.h; path = AppDelegate.h; sourceTree = "<group>"; };
		364DA6581D65851C00F6F424 /* AppDelegate.m */ = {isa = PBXFileReference; fileEncoding = 4; lastKnownFileType = sourcecode.c.objc; path = AppDelegate.m; sourceTree = "<group>"; };
		364DA65A1D65857200F6F424 /* PrefixHeader.pch */ = {isa = PBXFileReference; lastKnownFileType = sourcecode.c.h; path = PrefixHeader.pch; sourceTree = "<group>"; };
		36A1BFEC1D65B01500B67BF6 /* Theme.h */ = {isa = PBXFileReference; lastKnownFileType = sourcecode.c.h; path = Theme.h; sourceTree = "<group>"; };
		36A1BFED1D65B62600B67BF6 /* Constants.h */ = {isa = PBXFileReference; lastKnownFileType = sourcecode.c.h; path = Constants.h; sourceTree = "<group>"; };
		46AA6AC588A0F83490E72E29 /* libPods-BasicFramework.a */ = {isa = PBXFileReference; explicitFileType = archive.ar; includeInIndex = 0; path = "libPods-BasicFramework.a"; sourceTree = BUILT_PRODUCTS_DIR; };
		A2404136FF63979E9EA81231 /* Pods-BasicFramework.release.xcconfig */ = {isa = PBXFileReference; includeInIndex = 1; lastKnownFileType = text.xcconfig; name = "Pods-BasicFramework.release.xcconfig"; path = "Pods/Target Support Files/Pods-BasicFramework/Pods-BasicFramework.release.xcconfig"; sourceTree = "<group>"; };
		BDD62ADF7C767CC104287091 /* Pods-BasicFramework.debug.xcconfig */ = {isa = PBXFileReference; includeInIndex = 1; lastKnownFileType = text.xcconfig; name = "Pods-BasicFramework.debug.xcconfig"; path = "Pods/Target Support Files/Pods-BasicFramework/Pods-BasicFramework.debug.xcconfig"; sourceTree = "<group>"; };
/* End PBXFileReference section */

/* Begin PBXFrameworksBuildPhase section */
		364DA5381D65849300F6F424 /* Frameworks */ = {
			isa = PBXFrameworksBuildPhase;
			buildActionMask = 2147483647;
			files = (
				364DA6561D6584F400F6F424 /* MyObjectCoding.framework in Frameworks */,
				3A210722E632CE931B050CFF /* libPods-BasicFramework.a in Frameworks */,
			);
			runOnlyForDeploymentPostprocessing = 0;
		};
		364DA5511D65849300F6F424 /* Frameworks */ = {
			isa = PBXFrameworksBuildPhase;
			buildActionMask = 2147483647;
			files = (
			);
			runOnlyForDeploymentPostprocessing = 0;
		};
		364DA55C1D65849300F6F424 /* Frameworks */ = {
			isa = PBXFrameworksBuildPhase;
			buildActionMask = 2147483647;
			files = (
			);
			runOnlyForDeploymentPostprocessing = 0;
		};
/* End PBXFrameworksBuildPhase section */

/* Begin PBXGroup section */
		156971422705F69389BE6F64 /* Pods */ = {
			isa = PBXGroup;
			children = (
				BDD62ADF7C767CC104287091 /* Pods-BasicFramework.debug.xcconfig */,
				A2404136FF63979E9EA81231 /* Pods-BasicFramework.release.xcconfig */,
			);
			name = Pods;
			sourceTree = "<group>";
		};
		36111A911D6EE4FC00A03BF4 /* BaseModel */ = {
			isa = PBXGroup;
			children = (
				36111A921D6EE4FC00A03BF4 /* Placeholder */,
			);
			path = BaseModel;
			sourceTree = "<group>";
		};
		36111A931D6EE4FC00A03BF4 /* BaseOther */ = {
			isa = PBXGroup;
			children = (
				36111A941D6EE4FC00A03BF4 /* Placeholder */,
			);
			path = BaseOther;
			sourceTree = "<group>";
		};
		36111A951D6EE4FC00A03BF4 /* BaseService */ = {
			isa = PBXGroup;
			children = (
				36111A961D6EE4FC00A03BF4 /* Placeholder */,
			);
			path = BaseService;
			sourceTree = "<group>";
		};
		36111A971D6EE4FC00A03BF4 /* BaseView */ = {
			isa = PBXGroup;
			children = (
				36111A981D6EE4FC00A03BF4 /* Placeholder */,
			);
			path = BaseView;
			sourceTree = "<group>";
		};
		36111A9D1D6EE58C00A03BF4 /* Home(首页) */ = {
			isa = PBXGroup;
			children = (
				36111A9E1D6EE58C00A03BF4 /* Controller */,
				36111AA01D6EE58C00A03BF4 /* Model */,
				36111AA21D6EE58C00A03BF4 /* Other */,
				36111AA41D6EE58C00A03BF4 /* Service */,
				36111AA61D6EE58C00A03BF4 /* View */,
			);
			name = "Home(首页)";
			path = Home;
			sourceTree = "<group>";
		};
		36111A9E1D6EE58C00A03BF4 /* Controller */ = {
			isa = PBXGroup;
			children = (
				36410B881DC05C9300231AF5 /* HomePageVC.h */,
				36410B891DC05C9300231AF5 /* HomePageVC.m */,
			);
			path = Controller;
			sourceTree = "<group>";
		};
		36111AA01D6EE58C00A03BF4 /* Model */ = {
			isa = PBXGroup;
			children = (
				36111AA11D6EE58C00A03BF4 /* Placeholder */,
			);
			path = Model;
			sourceTree = "<group>";
		};
		36111AA21D6EE58C00A03BF4 /* Other */ = {
			isa = PBXGroup;
			children = (
				36111AA31D6EE58C00A03BF4 /* Placeholder */,
			);
			path = Other;
			sourceTree = "<group>";
		};
		36111AA41D6EE58C00A03BF4 /* Service */ = {
			isa = PBXGroup;
			children = (
				36111AA51D6EE58C00A03BF4 /* Placeholder */,
			);
			path = Service;
			sourceTree = "<group>";
		};
		36111AA61D6EE58C00A03BF4 /* View */ = {
			isa = PBXGroup;
			children = (
				36111AA71D6EE58C00A03BF4 /* Placeholder */,
			);
			path = View;
			sourceTree = "<group>";
		};
		36111AA81D6EE58C00A03BF4 /* LogIn(登录) */ = {
			isa = PBXGroup;
			children = (
				36111AA91D6EE58C00A03BF4 /* Controller */,
				36111AAB1D6EE58C00A03BF4 /* Model */,
				36111AAD1D6EE58C00A03BF4 /* Other */,
				36111AAF1D6EE58C00A03BF4 /* Service */,
				36111AB11D6EE58C00A03BF4 /* View */,
			);
			name = "LogIn(登录)";
			path = LogIn;
			sourceTree = "<group>";
		};
		36111AA91D6EE58C00A03BF4 /* Controller */ = {
			isa = PBXGroup;
			children = (
				36111AAA1D6EE58C00A03BF4 /* Placeholder */,
			);
			path = Controller;
			sourceTree = "<group>";
		};
		36111AAB1D6EE58C00A03BF4 /* Model */ = {
			isa = PBXGroup;
			children = (
				36111AAC1D6EE58C00A03BF4 /* Placeholder */,
			);
			path = Model;
			sourceTree = "<group>";
		};
		36111AAD1D6EE58C00A03BF4 /* Other */ = {
			isa = PBXGroup;
			children = (
				36111AAE1D6EE58C00A03BF4 /* Placeholder */,
			);
			path = Other;
			sourceTree = "<group>";
		};
		36111AAF1D6EE58C00A03BF4 /* Service */ = {
			isa = PBXGroup;
			children = (
				36111AB01D6EE58C00A03BF4 /* Placeholder */,
			);
			path = Service;
			sourceTree = "<group>";
		};
		36111AB11D6EE58C00A03BF4 /* View */ = {
			isa = PBXGroup;
			children = (
				36111AB21D6EE58C00A03BF4 /* Cell */,
				36111AB41D6EE58C00A03BF4 /* SubView */,
			);
			path = View;
			sourceTree = "<group>";
		};
		36111AB21D6EE58C00A03BF4 /* Cell */ = {
			isa = PBXGroup;
			children = (
				36111AB31D6EE58C00A03BF4 /* Placeholder */,
			);
			path = Cell;
			sourceTree = "<group>";
		};
		36111AB41D6EE58C00A03BF4 /* SubView */ = {
			isa = PBXGroup;
			children = (
				36111AB51D6EE58C00A03BF4 /* Placeholder */,
			);
			path = SubView;
			sourceTree = "<group>";
		};
		36111AB61D6EE58C00A03BF4 /* Public(公共) */ = {
			isa = PBXGroup;
			children = (
				36111AB71D6EE58C00A03BF4 /* Controller */,
				36111AB91D6EE58C00A03BF4 /* Model */,
				36111ABB1D6EE58C00A03BF4 /* Other */,
				36111ABD1D6EE58C00A03BF4 /* Service */,
				36111ABF1D6EE58C00A03BF4 /* View */,
			);
			name = "Public(公共)";
			path = Public;
			sourceTree = "<group>";
		};
		36111AB71D6EE58C00A03BF4 /* Controller */ = {
			isa = PBXGroup;
			children = (
				36111AB81D6EE58C00A03BF4 /* Placeholder */,
			);
			path = Controller;
			sourceTree = "<group>";
		};
		36111AB91D6EE58C00A03BF4 /* Model */ = {
			isa = PBXGroup;
			children = (
				36111ABA1D6EE58C00A03BF4 /* Placeholder */,
			);
			path = Model;
			sourceTree = "<group>";
		};
		36111ABB1D6EE58C00A03BF4 /* Other */ = {
			isa = PBXGroup;
			children = (
				36111ABC1D6EE58C00A03BF4 /* Placeholder */,
			);
			path = Other;
			sourceTree = "<group>";
		};
		36111ABD1D6EE58C00A03BF4 /* Service */ = {
			isa = PBXGroup;
			children = (
				36111ABE1D6EE58C00A03BF4 /* Placeholder */,
			);
			path = Service;
			sourceTree = "<group>";
		};
		36111ABF1D6EE58C00A03BF4 /* View */ = {
			isa = PBXGroup;
			children = (
				36111AC01D6EE58C00A03BF4 /* Placeholder */,
			);
			path = View;
			sourceTree = "<group>";
		};
		36111AD11D6EE60000A03BF4 /* Resource(资源) */ = {
			isa = PBXGroup;
			children = (
				36111AD21D6EE60000A03BF4 /* Global */,
				36111AD41D6EE60000A03BF4 /* Image */,
				36111AD61D6EE60000A03BF4 /* Plist */,
			);
			name = "Resource(资源)";
			path = Resource;
			sourceTree = "<group>";
		};
		36111AD21D6EE60000A03BF4 /* Global */ = {
			isa = PBXGroup;
			children = (
				36111AE11D6EE63700A03BF4 /* LaunchScreen.storyboard */,
				36111ADD1D6EE63200A03BF4 /* main.m */,
			);
			path = Global;
			sourceTree = "<group>";
		};
		36111AD41D6EE60000A03BF4 /* Image */ = {
			isa = PBXGroup;
			children = (
				36111ADB1D6EE63200A03BF4 /* Assets.xcassets */,
			);
			path = Image;
			sourceTree = "<group>";
		};
		36111AD61D6EE60000A03BF4 /* Plist */ = {
			isa = PBXGroup;
			children = (
				36111ADC1D6EE63200A03BF4 /* Info.plist */,
			);
			path = Plist;
			sourceTree = "<group>";
		};
		36111AE41D6EE67500A03BF4 /* SDKFile(集成) */ = {
			isa = PBXGroup;
			children = (
				36111AE51D6EE67500A03BF4 /* Placeholder */,
			);
			name = "SDKFile(集成)";
			path = SDKFile;
			sourceTree = "<group>";
		};
		364DA5321D65849300F6F424 = {
			isa = PBXGroup;
			children = (
				364DA53D1D65849300F6F424 /* BasicFramework */,
				364DA5571D65849300F6F424 /* BasicFrameworkTests */,
				364DA5621D65849300F6F424 /* BasicFrameworkUITests */,
				364DA53C1D65849300F6F424 /* Products */,
				156971422705F69389BE6F64 /* Pods */,
				75B59DDB8BB424BDD251E7E0 /* Frameworks */,
			);
			sourceTree = "<group>";
		};
		364DA53C1D65849300F6F424 /* Products */ = {
			isa = PBXGroup;
			children = (
				364DA53B1D65849300F6F424 /* BasicFramework.app */,
				364DA5541D65849300F6F424 /* BasicFrameworkTests.xctest */,
				364DA55F1D65849300F6F424 /* BasicFrameworkUITests.xctest */,
			);
			name = Products;
			sourceTree = "<group>";
		};
		364DA53D1D65849300F6F424 /* BasicFramework */ = {
			isa = PBXGroup;
			children = (
				364DA59F1D6584F400F6F424 /* Main(主要) */,
				364DA5711D6584F400F6F424 /* Expand(扩展) */,
				364DA6021D6584F400F6F424 /* Vender(第三方) */,
				36111AD11D6EE60000A03BF4 /* Resource(资源) */,
				36111AE41D6EE67500A03BF4 /* SDKFile(集成) */,
				364DA53E1D65849300F6F424 /* Supporting Files */,
			);
			path = BasicFramework;
			sourceTree = "<group>";
		};
		364DA53E1D65849300F6F424 /* Supporting Files */ = {
			isa = PBXGroup;
			children = (
				364DA65A1D65857200F6F424 /* PrefixHeader.pch */,
			);
			name = "Supporting Files";
			sourceTree = "<group>";
		};
		364DA5571D65849300F6F424 /* BasicFrameworkTests */ = {
			isa = PBXGroup;
			children = (
				364DA5581D65849300F6F424 /* BasicFrameworkTests.m */,
				364DA55A1D65849300F6F424 /* Info.plist */,
			);
			path = BasicFrameworkTests;
			sourceTree = "<group>";
		};
		364DA5621D65849300F6F424 /* BasicFrameworkUITests */ = {
			isa = PBXGroup;
			children = (
				364DA5631D65849300F6F424 /* BasicFrameworkUITests.m */,
				364DA5651D65849300F6F424 /* Info.plist */,
			);
			path = BasicFrameworkUITests;
			sourceTree = "<group>";
		};
		364DA5711D6584F400F6F424 /* Expand(扩展) */ = {
			isa = PBXGroup;
			children = (
				364DA5721D6584F400F6F424 /* Category(分类) */,
				364DA58D1D6584F400F6F424 /* Const(常量) */,
				364DA58F1D6584F400F6F424 /* Macros(宏) */,
				364DA5931D6584F400F6F424 /* Network(网络) */,
				364DA5961D6584F400F6F424 /* Tool(工具类) */,
			);
			name = "Expand(扩展)";
			path = Expand;
			sourceTree = "<group>";
		};
		364DA5721D6584F400F6F424 /* Category(分类) */ = {
			isa = PBXGroup;
			children = (
				36410B731DC0533D00231AF5 /* NSObject+Extension.h */,
				36410B741DC0533D00231AF5 /* NSObject+Extension.m */,
				364DA58B1D6584F400F6F424 /* UIView+Extension.h */,
				364DA58C1D6584F400F6F424 /* UIView+Extension.m */,
				36410B761DC0536400231AF5 /* NSString+Extension.h */,
				36410B771DC0536400231AF5 /* NSString+Extension.m */,
				36410B791DC053B800231AF5 /* UIBarButtonItem+Extension.h */,
				36410B7A1DC053B800231AF5 /* UIBarButtonItem+Extension.m */,
				36410B7C1DC053EB00231AF5 /* UIDevice+Extension.h */,
				36410B7D1DC053EB00231AF5 /* UIDevice+Extension.m */,
				36410B7F1DC054E700231AF5 /* UIImage+Extension.h */,
				36410B801DC054E700231AF5 /* UIImage+Extension.m */,
				36410B821DC0553800231AF5 /* UIImageView+Extension.h */,
				36410B831DC0553800231AF5 /* UIImageView+Extension.m */,
				36410B851DC0558300231AF5 /* UIScrollView+Extension.h */,
				36410B861DC0558300231AF5 /* UIScrollView+Extension.m */,
				36410B8E1DC0786300231AF5 /* NSDate+Extension.h */,
				36410B8F1DC0786300231AF5 /* NSDate+Extension.m */,
				36410B911DC07AB000231AF5 /* MBProgressHUD+Extension.h */,
				36410B921DC07AB000231AF5 /* MBProgressHUD+Extension.m */,
				36410B941DC0812D00231AF5 /* UIButton+Extension.h */,
				36410B951DC0812D00231AF5 /* UIButton+Extension.m */,
			);
			name = "Category(分类)";
			path = Category;
			sourceTree = "<group>";
		};
		364DA58D1D6584F400F6F424 /* Const(常量) */ = {
			isa = PBXGroup;
			children = (
				36A1BFED1D65B62600B67BF6 /* Constants.h */,
			);
			name = "Const(常量)";
			path = Const;
			sourceTree = "<group>";
		};
		364DA58F1D6584F400F6F424 /* Macros(宏) */ = {
			isa = PBXGroup;
			children = (
				364DA5901D6584F400F6F424 /* CommonAppKey.h */,
				364DA5911D6584F400F6F424 /* CommonDefine.h */,
				364DA5921D6584F400F6F424 /* HTTPURLDefine.h */,
				36A1BFEC1D65B01500B67BF6 /* Theme.h */,
			);
			name = "Macros(宏)";
			path = Macros;
			sourceTree = "<group>";
		};
		364DA5931D6584F400F6F424 /* Network(网络) */ = {
			isa = PBXGroup;
			children = (
				364DA5941D6584F400F6F424 /* NetWorkManager.h */,
				364DA5951D6584F400F6F424 /* NetWorkManager.m */,
			);
			name = "Network(网络)";
			path = Network;
			sourceTree = "<group>";
		};
		364DA5961D6584F400F6F424 /* Tool(工具类) */ = {
			isa = PBXGroup;
			children = (
				364DA5971D6584F400F6F424 /* AppSingle.h */,
				364DA5981D6584F400F6F424 /* AppSingle.m */,
				364DA5991D6584F400F6F424 /* ProgressHUD.h */,
				364DA59A1D6584F400F6F424 /* ProgressHUD.m */,
			);
			name = "Tool(工具类)";
			path = Tool;
			sourceTree = "<group>";
		};
		364DA59F1D6584F400F6F424 /* Main(主要) */ = {
			isa = PBXGroup;
			children = (
				364DA5A01D6584F400F6F424 /* AppDelegate(入口) */,
				364DA5A31D6584F400F6F424 /* Base(基类) */,
				36111A9D1D6EE58C00A03BF4 /* Home(首页) */,
				36111AA81D6EE58C00A03BF4 /* LogIn(登录) */,
				36111AB61D6EE58C00A03BF4 /* Public(公共) */,
			);
			name = "Main(主要)";
			path = Main;
			sourceTree = "<group>";
		};
		364DA5A01D6584F400F6F424 /* AppDelegate(入口) */ = {
			isa = PBXGroup;
			children = (
				364DA6571D65851C00F6F424 /* AppDelegate.h */,
				364DA6581D65851C00F6F424 /* AppDelegate.m */,
			);
			name = "AppDelegate(入口)";
			path = AppDelegate;
			sourceTree = "<group>";
		};
		364DA5A31D6584F400F6F424 /* Base(基类) */ = {
			isa = PBXGroup;
			children = (
				364DA5A41D6584F400F6F424 /* BaseController */,
				36111A911D6EE4FC00A03BF4 /* BaseModel */,
				36111A931D6EE4FC00A03BF4 /* BaseOther */,
				36111A951D6EE4FC00A03BF4 /* BaseService */,
				36111A971D6EE4FC00A03BF4 /* BaseView */,
			);
			name = "Base(基类)";
			path = Base;
			sourceTree = "<group>";
		};
		364DA5A41D6584F400F6F424 /* BaseController */ = {
			isa = PBXGroup;
			children = (
				364DA5A51D6584F400F6F424 /* BasicMainNC.h */,
				364DA5A61D6584F400F6F424 /* BasicMainNC.m */,
				364DA5A71D6584F400F6F424 /* BasicMainVC.h */,
				364DA5A81D6584F400F6F424 /* BasicMainVC.m */,
				364DA5A91D6584F400F6F424 /* BasicMainWebNC.h */,
				364DA5AA1D6584F400F6F424 /* BasicMainWebNC.m */,
			);
			path = BaseController;
			sourceTree = "<group>";
		};
		364DA6021D6584F400F6F424 /* Vender(第三方) */ = {
			isa = PBXGroup;
			children = (
				364DA6031D6584F400F6F424 /* IMGBrowse */,
				364DA60A1D6584F400F6F424 /* MJRefresh */,
				364DA61B1D6584F400F6F424 /* NSCoding */,
			);
			name = "Vender(第三方)";
			path = Vender;
			sourceTree = "<group>";
		};
		364DA6031D6584F400F6F424 /* IMGBrowse */ = {
			isa = PBXGroup;
			children = (
				364DA6041D6584F400F6F424 /* LYLIMGBrowse.h */,
				364DA6051D6584F400F6F424 /* LYLIMGBrowse.m */,
				364DA6061D6584F400F6F424 /* LYLIMGScrollView.h */,
				364DA6071D6584F400F6F424 /* LYLIMGScrollView.m */,
				364DA6081D6584F400F6F424 /* LYLPageControl.h */,
				364DA6091D6584F400F6F424 /* LYLPageControl.m */,
			);
			path = IMGBrowse;
			sourceTree = "<group>";
		};
		364DA60A1D6584F400F6F424 /* MJRefresh */ = {
			isa = PBXGroup;
			children = (
				364DA60B1D6584F400F6F424 /* MJRefresh.bundle */,
				364DA60C1D6584F400F6F424 /* MJRefresh.h */,
				364DA60D1D6584F400F6F424 /* MJRefreshBaseView.h */,
				364DA60E1D6584F400F6F424 /* MJRefreshBaseView.m */,
				364DA60F1D6584F400F6F424 /* MJRefreshConst.h */,
				364DA6101D6584F400F6F424 /* MJRefreshConst.m */,
				364DA6111D6584F400F6F424 /* MJRefreshFooterView.h */,
				364DA6121D6584F400F6F424 /* MJRefreshFooterView.m */,
				364DA6131D6584F400F6F424 /* MJRefreshHeaderView.h */,
				364DA6141D6584F400F6F424 /* MJRefreshHeaderView.m */,
				364DA6151D6584F400F6F424 /* UIScrollView+MJExtension.h */,
				364DA6161D6584F400F6F424 /* UIScrollView+MJExtension.m */,
				364DA6171D6584F400F6F424 /* UIScrollView+MJRefresh.h */,
				364DA6181D6584F400F6F424 /* UIScrollView+MJRefresh.m */,
				364DA6191D6584F400F6F424 /* UIView+MJExtension.h */,
				364DA61A1D6584F400F6F424 /* UIView+MJExtension.m */,
			);
			path = MJRefresh;
			sourceTree = "<group>";
		};
		364DA61B1D6584F400F6F424 /* NSCoding */ = {
			isa = PBXGroup;
			children = (
				364DA61C1D6584F400F6F424 /* MyObjectCoding.framework */,
			);
			path = NSCoding;
			sourceTree = "<group>";
		};
		75B59DDB8BB424BDD251E7E0 /* Frameworks */ = {
			isa = PBXGroup;
			children = (
				46AA6AC588A0F83490E72E29 /* libPods-BasicFramework.a */,
			);
			name = Frameworks;
			sourceTree = "<group>";
		};
/* End PBXGroup section */

/* Begin PBXNativeTarget section */
		364DA53A1D65849300F6F424 /* BasicFramework */ = {
			isa = PBXNativeTarget;
			buildConfigurationList = 364DA5681D65849300F6F424 /* Build configuration list for PBXNativeTarget "BasicFramework" */;
			buildPhases = (
				4792FE396A1EEE887F8D7125 /* [CP] Check Pods Manifest.lock */,
				364DA5371D65849300F6F424 /* Sources */,
				364DA5381D65849300F6F424 /* Frameworks */,
				364DA5391D65849300F6F424 /* Resources */,
				3A4C741EB49D81864E1D8D43 /* [CP] Embed Pods Frameworks */,
				0AEC4EDB56D3292A1749FF4B /* [CP] Copy Pods Resources */,
			);
			buildRules = (
			);
			dependencies = (
			);
			name = BasicFramework;
			productName = BasicFramework;
			productReference = 364DA53B1D65849300F6F424 /* BasicFramework.app */;
			productType = "com.apple.product-type.application";
		};
		364DA5531D65849300F6F424 /* BasicFrameworkTests */ = {
			isa = PBXNativeTarget;
			buildConfigurationList = 364DA56B1D65849300F6F424 /* Build configuration list for PBXNativeTarget "BasicFrameworkTests" */;
			buildPhases = (
				364DA5501D65849300F6F424 /* Sources */,
				364DA5511D65849300F6F424 /* Frameworks */,
				364DA5521D65849300F6F424 /* Resources */,
			);
			buildRules = (
			);
			dependencies = (
				364DA5561D65849300F6F424 /* PBXTargetDependency */,
			);
			name = BasicFrameworkTests;
			productName = BasicFrameworkTests;
			productReference = 364DA5541D65849300F6F424 /* BasicFrameworkTests.xctest */;
			productType = "com.apple.product-type.bundle.unit-test";
		};
		364DA55E1D65849300F6F424 /* BasicFrameworkUITests */ = {
			isa = PBXNativeTarget;
			buildConfigurationList = 364DA56E1D65849300F6F424 /* Build configuration list for PBXNativeTarget "BasicFrameworkUITests" */;
			buildPhases = (
				364DA55B1D65849300F6F424 /* Sources */,
				364DA55C1D65849300F6F424 /* Frameworks */,
				364DA55D1D65849300F6F424 /* Resources */,
			);
			buildRules = (
			);
			dependencies = (
				364DA5611D65849300F6F424 /* PBXTargetDependency */,
			);
			name = BasicFrameworkUITests;
			productName = BasicFrameworkUITests;
			productReference = 364DA55F1D65849300F6F424 /* BasicFrameworkUITests.xctest */;
			productType = "com.apple.product-type.bundle.ui-testing";
		};
/* End PBXNativeTarget section */

/* Begin PBXProject section */
		364DA5331D65849300F6F424 /* Project object */ = {
			isa = PBXProject;
			attributes = {
				LastUpgradeCheck = 0730;
				ORGANIZATIONNAME = Rainy;
				TargetAttributes = {
					364DA53A1D65849300F6F424 = {
						CreatedOnToolsVersion = 7.3.1;
					};
					364DA5531D65849300F6F424 = {
						CreatedOnToolsVersion = 7.3.1;
						TestTargetID = 364DA53A1D65849300F6F424;
					};
					364DA55E1D65849300F6F424 = {
						CreatedOnToolsVersion = 7.3.1;
						TestTargetID = 364DA53A1D65849300F6F424;
					};
				};
			};
			buildConfigurationList = 364DA5361D65849300F6F424 /* Build configuration list for PBXProject "BasicFramework" */;
			compatibilityVersion = "Xcode 3.2";
			developmentRegion = English;
			hasScannedForEncodings = 0;
			knownRegions = (
				en,
				Base,
			);
			mainGroup = 364DA5321D65849300F6F424;
			productRefGroup = 364DA53C1D65849300F6F424 /* Products */;
			projectDirPath = "";
			projectRoot = "";
			targets = (
				364DA53A1D65849300F6F424 /* BasicFramework */,
				364DA5531D65849300F6F424 /* BasicFrameworkTests */,
				364DA55E1D65849300F6F424 /* BasicFrameworkUITests */,
			);
		};
/* End PBXProject section */

/* Begin PBXResourcesBuildPhase section */
		364DA5391D65849300F6F424 /* Resources */ = {
			isa = PBXResourcesBuildPhase;
			buildActionMask = 2147483647;
			files = (
				36111AE31D6EE63700A03BF4 /* LaunchScreen.storyboard in Resources */,
				36111ACE1D6EE58C00A03BF4 /* Placeholder in Resources */,
				36111A9A1D6EE4FC00A03BF4 /* Placeholder in Resources */,
				36111AC81D6EE58C00A03BF4 /* Placeholder in Resources */,
				36111A991D6EE4FC00A03BF4 /* Placeholder in Resources */,
				36111AE61D6EE67500A03BF4 /* Placeholder in Resources */,
				36111A9B1D6EE4FC00A03BF4 /* Placeholder in Resources */,
				36111AD01D6EE58C00A03BF4 /* Placeholder in Resources */,
				36111AC51D6EE58C00A03BF4 /* Placeholder in Resources */,
				36111ACD1D6EE58C00A03BF4 /* Placeholder in Resources */,
				36111AC91D6EE58C00A03BF4 /* Placeholder in Resources */,
				36111ADF1D6EE63200A03BF4 /* Info.plist in Resources */,
				364DA64E1D6584F400F6F424 /* MJRefresh.bundle in Resources */,
				36111AC71D6EE58C00A03BF4 /* Placeholder in Resources */,
				36111ACA1D6EE58C00A03BF4 /* Placeholder in Resources */,
				36111A9C1D6EE4FC00A03BF4 /* Placeholder in Resources */,
				36111AC41D6EE58C00A03BF4 /* Placeholder in Resources */,
				36111ACF1D6EE58C00A03BF4 /* Placeholder in Resources */,
				36111AC31D6EE58C00A03BF4 /* Placeholder in Resources */,
				36111AC21D6EE58C00A03BF4 /* Placeholder in Resources */,
				36111ACB1D6EE58C00A03BF4 /* Placeholder in Resources */,
				36111AC61D6EE58C00A03BF4 /* Placeholder in Resources */,
				36111ACC1D6EE58C00A03BF4 /* Placeholder in Resources */,
				36111ADE1D6EE63200A03BF4 /* Assets.xcassets in Resources */,
			);
			runOnlyForDeploymentPostprocessing = 0;
		};
		364DA5521D65849300F6F424 /* Resources */ = {
			isa = PBXResourcesBuildPhase;
			buildActionMask = 2147483647;
			files = (
			);
			runOnlyForDeploymentPostprocessing = 0;
		};
		364DA55D1D65849300F6F424 /* Resources */ = {
			isa = PBXResourcesBuildPhase;
			buildActionMask = 2147483647;
			files = (
			);
			runOnlyForDeploymentPostprocessing = 0;
		};
/* End PBXResourcesBuildPhase section */

/* Begin PBXShellScriptBuildPhase section */
		0AEC4EDB56D3292A1749FF4B /* [CP] Copy Pods Resources */ = {
			isa = PBXShellScriptBuildPhase;
			buildActionMask = 2147483647;
			files = (
			);
			inputPaths = (
			);
			name = "[CP] Copy Pods Resources";
			outputPaths = (
			);
			runOnlyForDeploymentPostprocessing = 0;
			shellPath = /bin/sh;
			shellScript = "\"${SRCROOT}/Pods/Target Support Files/Pods-BasicFramework/Pods-BasicFramework-resources.sh\"\n";
			showEnvVarsInLog = 0;
		};
		3A4C741EB49D81864E1D8D43 /* [CP] Embed Pods Frameworks */ = {
			isa = PBXShellScriptBuildPhase;
			buildActionMask = 2147483647;
			files = (
			);
			inputPaths = (
			);
			name = "[CP] Embed Pods Frameworks";
			outputPaths = (
			);
			runOnlyForDeploymentPostprocessing = 0;
			shellPath = /bin/sh;
			shellScript = "\"${SRCROOT}/Pods/Target Support Files/Pods-BasicFramework/Pods-BasicFramework-frameworks.sh\"\n";
			showEnvVarsInLog = 0;
		};
		4792FE396A1EEE887F8D7125 /* [CP] Check Pods Manifest.lock */ = {
			isa = PBXShellScriptBuildPhase;
			buildActionMask = 2147483647;
			files = (
			);
			inputPaths = (
			);
			name = "[CP] Check Pods Manifest.lock";
			outputPaths = (
			);
			runOnlyForDeploymentPostprocessing = 0;
			shellPath = /bin/sh;
			shellScript = "diff \"${PODS_ROOT}/../Podfile.lock\" \"${PODS_ROOT}/Manifest.lock\" > /dev/null\nif [ $? != 0 ] ; then\n    # print error to STDERR\n    echo \"error: The sandbox is not in sync with the Podfile.lock. Run 'pod install' or update your CocoaPods installation.\" >&2\n    exit 1\nfi\n";
			showEnvVarsInLog = 0;
		};
/* End PBXShellScriptBuildPhase section */

/* Begin PBXSourcesBuildPhase section */
		364DA5371D65849300F6F424 /* Sources */ = {
			isa = PBXSourcesBuildPhase;
			buildActionMask = 2147483647;
			files = (
				36410B901DC0786300231AF5 /* NSDate+Extension.m in Sources */,
				364DA6531D6584F400F6F424 /* UIScrollView+MJExtension.m in Sources */,
				364DA6301D6584F400F6F424 /* BasicMainNC.m in Sources */,
				364DA6321D6584F400F6F424 /* BasicMainWebNC.m in Sources */,
				364DA62A1D6584F400F6F424 /* NetWorkManager.m in Sources */,
				364DA6291D6584F400F6F424 /* UIView+Extension.m in Sources */,
				364DA64D1D6584F400F6F424 /* LYLPageControl.m in Sources */,
				364DA6521D6584F400F6F424 /* MJRefreshHeaderView.m in Sources */,
				364DA6511D6584F400F6F424 /* MJRefreshFooterView.m in Sources */,
				36410B7B1DC053B900231AF5 /* UIBarButtonItem+Extension.m in Sources */,
				364DA6541D6584F400F6F424 /* UIScrollView+MJRefresh.m in Sources */,
				364DA6551D6584F400F6F424 /* UIView+MJExtension.m in Sources */,
				36111AE01D6EE63200A03BF4 /* main.m in Sources */,
				36410B811DC054E700231AF5 /* UIImage+Extension.m in Sources */,
				36410B871DC0558300231AF5 /* UIScrollView+Extension.m in Sources */,
				36410B8A1DC05C9300231AF5 /* HomePageVC.m in Sources */,
				364DA64B1D6584F400F6F424 /* LYLIMGBrowse.m in Sources */,
				364DA62B1D6584F400F6F424 /* AppSingle.m in Sources */,
				36410B751DC0533D00231AF5 /* NSObject+Extension.m in Sources */,
				364DA6501D6584F400F6F424 /* MJRefreshConst.m in Sources */,
				36410B7E1DC053EB00231AF5 /* UIDevice+Extension.m in Sources */,
				364DA64C1D6584F400F6F424 /* LYLIMGScrollView.m in Sources */,
				36410B841DC0553800231AF5 /* UIImageView+Extension.m in Sources */,
				364DA6591D65851C00F6F424 /* AppDelegate.m in Sources */,
				364DA62C1D6584F400F6F424 /* ProgressHUD.m in Sources */,
				36410B961DC0812D00231AF5 /* UIButton+Extension.m in Sources */,
				364DA6311D6584F400F6F424 /* BasicMainVC.m in Sources */,
				36410B931DC07AB000231AF5 /* MBProgressHUD+Extension.m in Sources */,
				364DA64F1D6584F400F6F424 /* MJRefreshBaseView.m in Sources */,
				36410B781DC0536400231AF5 /* NSString+Extension.m in Sources */,
			);
			runOnlyForDeploymentPostprocessing = 0;
		};
		364DA5501D65849300F6F424 /* Sources */ = {
			isa = PBXSourcesBuildPhase;
			buildActionMask = 2147483647;
			files = (
				364DA5591D65849300F6F424 /* BasicFrameworkTests.m in Sources */,
			);
			runOnlyForDeploymentPostprocessing = 0;
		};
		364DA55B1D65849300F6F424 /* Sources */ = {
			isa = PBXSourcesBuildPhase;
			buildActionMask = 2147483647;
			files = (
				364DA5641D65849300F6F424 /* BasicFrameworkUITests.m in Sources */,
			);
			runOnlyForDeploymentPostprocessing = 0;
		};
/* End PBXSourcesBuildPhase section */

/* Begin PBXTargetDependency section */
		364DA5561D65849300F6F424 /* PBXTargetDependency */ = {
			isa = PBXTargetDependency;
			target = 364DA53A1D65849300F6F424 /* BasicFramework */;
			targetProxy = 364DA5551D65849300F6F424 /* PBXContainerItemProxy */;
		};
		364DA5611D65849300F6F424 /* PBXTargetDependency */ = {
			isa = PBXTargetDependency;
			target = 364DA53A1D65849300F6F424 /* BasicFramework */;
			targetProxy = 364DA5601D65849300F6F424 /* PBXContainerItemProxy */;
		};
/* End PBXTargetDependency section */

/* Begin PBXVariantGroup section */
		36111AE11D6EE63700A03BF4 /* LaunchScreen.storyboard */ = {
			isa = PBXVariantGroup;
			children = (
				36111AE21D6EE63700A03BF4 /* Base */,
			);
			name = LaunchScreen.storyboard;
			path = ../..;
			sourceTree = "<group>";
		};
/* End PBXVariantGroup section */

/* Begin XCBuildConfiguration section */
		364DA5661D65849300F6F424 /* Debug */ = {
			isa = XCBuildConfiguration;
			buildSettings = {
				ALWAYS_SEARCH_USER_PATHS = NO;
				CLANG_ANALYZER_NONNULL = YES;
				CLANG_CXX_LANGUAGE_STANDARD = "gnu++0x";
				CLANG_CXX_LIBRARY = "libc++";
				CLANG_ENABLE_MODULES = YES;
				CLANG_ENABLE_OBJC_ARC = YES;
				CLANG_WARN_BOOL_CONVERSION = YES;
				CLANG_WARN_CONSTANT_CONVERSION = YES;
				CLANG_WARN_DIRECT_OBJC_ISA_USAGE = YES_ERROR;
				CLANG_WARN_EMPTY_BODY = YES;
				CLANG_WARN_ENUM_CONVERSION = YES;
				CLANG_WARN_INT_CONVERSION = YES;
				CLANG_WARN_OBJC_ROOT_CLASS = YES_ERROR;
				CLANG_WARN_UNREACHABLE_CODE = YES;
				CLANG_WARN__DUPLICATE_METHOD_MATCH = YES;
				"CODE_SIGN_IDENTITY[sdk=iphoneos*]" = "iPhone Developer";
				COPY_PHASE_STRIP = NO;
				DEBUG_INFORMATION_FORMAT = dwarf;
				ENABLE_STRICT_OBJC_MSGSEND = YES;
				ENABLE_TESTABILITY = YES;
				GCC_C_LANGUAGE_STANDARD = gnu99;
				GCC_DYNAMIC_NO_PIC = NO;
				GCC_NO_COMMON_BLOCKS = YES;
				GCC_OPTIMIZATION_LEVEL = 0;
				GCC_PREPROCESSOR_DEFINITIONS = (
					"DEBUG=1",
					"$(inherited)",
				);
				GCC_WARN_64_TO_32_BIT_CONVERSION = YES;
				GCC_WARN_ABOUT_RETURN_TYPE = YES_ERROR;
				GCC_WARN_UNDECLARED_SELECTOR = YES;
				GCC_WARN_UNINITIALIZED_AUTOS = YES_AGGRESSIVE;
				GCC_WARN_UNUSED_FUNCTION = YES;
				GCC_WARN_UNUSED_VARIABLE = YES;
				IPHONEOS_DEPLOYMENT_TARGET = 9.3;
				MTL_ENABLE_DEBUG_INFO = YES;
				ONLY_ACTIVE_ARCH = YES;
				SDKROOT = iphoneos;
				TARGETED_DEVICE_FAMILY = "1,2";
			};
			name = Debug;
		};
		364DA5671D65849300F6F424 /* Release */ = {
			isa = XCBuildConfiguration;
			buildSettings = {
				ALWAYS_SEARCH_USER_PATHS = NO;
				CLANG_ANALYZER_NONNULL = YES;
				CLANG_CXX_LANGUAGE_STANDARD = "gnu++0x";
				CLANG_CXX_LIBRARY = "libc++";
				CLANG_ENABLE_MODULES = YES;
				CLANG_ENABLE_OBJC_ARC = YES;
				CLANG_WARN_BOOL_CONVERSION = YES;
				CLANG_WARN_CONSTANT_CONVERSION = YES;
				CLANG_WARN_DIRECT_OBJC_ISA_USAGE = YES_ERROR;
				CLANG_WARN_EMPTY_BODY = YES;
				CLANG_WARN_ENUM_CONVERSION = YES;
				CLANG_WARN_INT_CONVERSION = YES;
				CLANG_WARN_OBJC_ROOT_CLASS = YES_ERROR;
				CLANG_WARN_UNREACHABLE_CODE = YES;
				CLANG_WARN__DUPLICATE_METHOD_MATCH = YES;
				"CODE_SIGN_IDENTITY[sdk=iphoneos*]" = "iPhone Developer";
				COPY_PHASE_STRIP = NO;
				DEBUG_INFORMATION_FORMAT = "dwarf-with-dsym";
				ENABLE_NS_ASSERTIONS = NO;
				ENABLE_STRICT_OBJC_MSGSEND = YES;
				GCC_C_LANGUAGE_STANDARD = gnu99;
				GCC_NO_COMMON_BLOCKS = YES;
				GCC_WARN_64_TO_32_BIT_CONVERSION = YES;
				GCC_WARN_ABOUT_RETURN_TYPE = YES_ERROR;
				GCC_WARN_UNDECLARED_SELECTOR = YES;
				GCC_WARN_UNINITIALIZED_AUTOS = YES_AGGRESSIVE;
				GCC_WARN_UNUSED_FUNCTION = YES;
				GCC_WARN_UNUSED_VARIABLE = YES;
				IPHONEOS_DEPLOYMENT_TARGET = 9.3;
				MTL_ENABLE_DEBUG_INFO = NO;
				SDKROOT = iphoneos;
				TARGETED_DEVICE_FAMILY = "1,2";
				VALIDATE_PRODUCT = YES;
			};
			name = Release;
		};
		364DA5691D65849300F6F424 /* Debug */ = {
			isa = XCBuildConfiguration;
			baseConfigurationReference = BDD62ADF7C767CC104287091 /* Pods-BasicFramework.debug.xcconfig */;
			buildSettings = {
				ASSETCATALOG_COMPILER_APPICON_NAME = AppIcon;
				FRAMEWORK_SEARCH_PATHS = (
					"$(inherited)",
					"$(PROJECT_DIR)/BasicFramework/Vender/NSCoding",
				);
				GCC_PRECOMPILE_PREFIX_HEADER = YES;
				GCC_PREFIX_HEADER = "$(SRCROOT)/BasicFramework/PrefixHeader.pch";
				INFOPLIST_FILE = BasicFramework/Info.plist;
				IPHONEOS_DEPLOYMENT_TARGET = 7.0;
				LD_RUNPATH_SEARCH_PATHS = "$(inherited) @executable_path/Frameworks";
				PRODUCT_BUNDLE_IDENTIFIER = Rainy.BasicFramework;
				PRODUCT_NAME = "$(TARGET_NAME)";
				TARGETED_DEVICE_FAMILY = 1;
			};
			name = Debug;
		};
		364DA56A1D65849300F6F424 /* Release */ = {
			isa = XCBuildConfiguration;
			baseConfigurationReference = A2404136FF63979E9EA81231 /* Pods-BasicFramework.release.xcconfig */;
			buildSettings = {
				ASSETCATALOG_COMPILER_APPICON_NAME = AppIcon;
				FRAMEWORK_SEARCH_PATHS = (
					"$(inherited)",
					"$(PROJECT_DIR)/BasicFramework/Vender/NSCoding",
				);
				GCC_PRECOMPILE_PREFIX_HEADER = YES;
				GCC_PREFIX_HEADER = "$(SRCROOT)/BasicFramework/PrefixHeader.pch";
				INFOPLIST_FILE = BasicFramework/Info.plist;
				IPHONEOS_DEPLOYMENT_TARGET = 7.0;
				LD_RUNPATH_SEARCH_PATHS = "$(inherited) @executable_path/Frameworks";
				PRODUCT_BUNDLE_IDENTIFIER = Rainy.BasicFramework;
				PRODUCT_NAME = "$(TARGET_NAME)";
				TARGETED_DEVICE_FAMILY = 1;
			};
			name = Release;
		};
		364DA56C1D65849300F6F424 /* Debug */ = {
			isa = XCBuildConfiguration;
			buildSettings = {
				BUNDLE_LOADER = "$(TEST_HOST)";
				INFOPLIST_FILE = BasicFrameworkTests/Info.plist;
				LD_RUNPATH_SEARCH_PATHS = "$(inherited) @executable_path/Frameworks @loader_path/Frameworks";
				PRODUCT_BUNDLE_IDENTIFIER = Rainy.BasicFrameworkTests;
				PRODUCT_NAME = "$(TARGET_NAME)";
				TEST_HOST = "$(BUILT_PRODUCTS_DIR)/BasicFramework.app/BasicFramework";
			};
			name = Debug;
		};
		364DA56D1D65849300F6F424 /* Release */ = {
			isa = XCBuildConfiguration;
			buildSettings = {
				BUNDLE_LOADER = "$(TEST_HOST)";
				INFOPLIST_FILE = BasicFrameworkTests/Info.plist;
				LD_RUNPATH_SEARCH_PATHS = "$(inherited) @executable_path/Frameworks @loader_path/Frameworks";
				PRODUCT_BUNDLE_IDENTIFIER = Rainy.BasicFrameworkTests;
				PRODUCT_NAME = "$(TARGET_NAME)";
				TEST_HOST = "$(BUILT_PRODUCTS_DIR)/BasicFramework.app/BasicFramework";
			};
			name = Release;
		};
		364DA56F1D65849300F6F424 /* Debug */ = {
			isa = XCBuildConfiguration;
			buildSettings = {
				INFOPLIST_FILE = BasicFrameworkUITests/Info.plist;
				LD_RUNPATH_SEARCH_PATHS = "$(inherited) @executable_path/Frameworks @loader_path/Frameworks";
				PRODUCT_BUNDLE_IDENTIFIER = Rainy.BasicFrameworkUITests;
				PRODUCT_NAME = "$(TARGET_NAME)";
				TEST_TARGET_NAME = BasicFramework;
			};
			name = Debug;
		};
		364DA5701D65849300F6F424 /* Release */ = {
			isa = XCBuildConfiguration;
			buildSettings = {
				INFOPLIST_FILE = BasicFrameworkUITests/Info.plist;
				LD_RUNPATH_SEARCH_PATHS = "$(inherited) @executable_path/Frameworks @loader_path/Frameworks";
				PRODUCT_BUNDLE_IDENTIFIER = Rainy.BasicFrameworkUITests;
				PRODUCT_NAME = "$(TARGET_NAME)";
				TEST_TARGET_NAME = BasicFramework;
			};
			name = Release;
		};
/* End XCBuildConfiguration section */

/* Begin XCConfigurationList section */
		364DA5361D65849300F6F424 /* Build configuration list for PBXProject "BasicFramework" */ = {
			isa = XCConfigurationList;
			buildConfigurations = (
				364DA5661D65849300F6F424 /* Debug */,
				364DA5671D65849300F6F424 /* Release */,
			);
			defaultConfigurationIsVisible = 0;
			defaultConfigurationName = Release;
		};
		364DA5681D65849300F6F424 /* Build configuration list for PBXNativeTarget "BasicFramework" */ = {
			isa = XCConfigurationList;
			buildConfigurations = (
				364DA5691D65849300F6F424 /* Debug */,
				364DA56A1D65849300F6F424 /* Release */,
			);
			defaultConfigurationIsVisible = 0;
			defaultConfigurationName = Release;
		};
		364DA56B1D65849300F6F424 /* Build configuration list for PBXNativeTarget "BasicFrameworkTests" */ = {
			isa = XCConfigurationList;
			buildConfigurations = (
				364DA56C1D65849300F6F424 /* Debug */,
				364DA56D1D65849300F6F424 /* Release */,
			);
			defaultConfigurationIsVisible = 0;
			defaultConfigurationName = Release;
		};
		364DA56E1D65849300F6F424 /* Build configuration list for PBXNativeTarget "BasicFrameworkUITests" */ = {
			isa = XCConfigurationList;
			buildConfigurations = (
				364DA56F1D65849300F6F424 /* Debug */,
				364DA5701D65849300F6F424 /* Release */,
			);
			defaultConfigurationIsVisible = 0;
			defaultConfigurationName = Release;
		};
/* End XCConfigurationList section */
	};
	rootObject = 364DA5331D65849300F6F424 /* Project object */;
}
