PODS:
  - AFNetworking (3.1.0):
    - AFNetworking/NSURLSession (= 3.1.0)
    - AFNetworking/Reachability (= 3.1.0)
    - AFNetworking/Security (= 3.1.0)
    - AFNetworking/Serialization (= 3.1.0)
    - AFNetworking/UIKit (= 3.1.0)
  - AFNetworking/NSURLSession (3.1.0):
    - AFNetworking/Reachability
    - AFNetworking/Security
    - AFNetworking/Serialization
  - AFNetworking/Reachability (3.1.0)
  - AFNetworking/Security (3.1.0)
  - AFNetworking/Serialization (3.1.0)
  - AFNetworking/UIKit (3.1.0):
    - AFNetworking/NSURLSession
  - AvoidCrash (1.5.1)
  - Bugly (2.4.2)
  - JSONModel (1.2.0)
  - KVOController (1.2.0)
  - LYLDataBase (1.0.5)
  - Masonry (1.0.2)
  - MBProgressHUD (0.9.2)
  - MJRefresh (3.1.12)
  - MyUUID (1.0.1)
  - Reachability (3.2)
  - SBJson (4.0.4)
  - SDWebImage (3.8.2):
    - SDWebImage/Core (= 3.8.2)
  - SDWebImage/Core (3.8.2)
  - SSZipArchive (1.6.2)
  - UMengUShare/Core (6.1):
    - UMengUShare/Network
  - UMengUShare/Network (6.1)
  - UMengUShare/Social/QQ (6.1):
    - UMengUShare/Core
  - UMengUShare/Social/Sina (6.1):
    - UMengUShare/Core
  - UMengUShare/Social/WeChat (6.1):
    - UMengUShare/Core
  - UMengUShare/UI (6.1):
    - UMengUShare/Core

DEPENDENCIES:
  - AFNetworking (~> 3.1.0)
  - AvoidCrash
  - Bugly
  - JSONModel (~> 1.2.0)
  - KVOController
  - LYLDataBase
  - Masonry (~> 1.0.1)
  - MBProgressHUD (~> 0.9.2)
  - MJRefresh
  - MyUUID
  - Reachability (~> 3.2)
  - SBJson (~> 4.0.2)
  - SDWebImage (~> 3.7)
  - SSZipArchive
  - UMengUShare/Social/QQ
  - UMengUShare/Social/Sina
  - UMengUShare/Social/WeChat
  - UMengUShare/UI

SPEC CHECKSUMS:
  AFNetworking: 5e0e199f73d8626b11e79750991f5d173d1f8b67
  AvoidCrash: 767acec95c5d684ec024ed9f21a439d13fbc06f3
  Bugly: b09cd3c7e54048a0e079be88a7a99610f14eab8f
  JSONModel: 12523685c4b623553ccf844bbbf7007624317b2c
  KVOController: d72ace34afea42468329623b3379ab3cd1d286b6
  LYLDataBase: 801adba25a32274a85a745db61796c879b329b28
  Masonry: 7c429b56da9d4ee0bbb3ed77a5ea710d6a5df39e
  MBProgressHUD: 1569cf7ace17a8bac47aabfbb8580a49690386d1
  MJRefresh: b96cdb21c4aa75a7b07654311ab2f315c497e806
  MyUUID: 640928dcab11d78044d210834071eef71aaa6db7
  Reachability: 33e18b67625424e47b6cde6d202dce689ad7af96
  SBJson: 0abb2b193491f0c4e0de6e7ba48bb460b84b480b
  SDWebImage: 098e97e6176540799c27e804c96653ee0833d13c
  SSZipArchive: 428eb1ac8d37dd133404d30f422b23958c1f9acc
  UMengUShare: 6c3902a68a06d01031bed6f426e97b89d4fc504f

PODFILE CHECKSUM: 0c9b94fccb8661379b40ac8f8dd895775bf80e31

COCOAPODS: 1.2.0.beta.1
